dependencies:
- name: lib-default
  repository: https://ptonini.github.io/helm-charts
  version: 1.0.1
- name: lib-kong
  repository: https://ptonini.github.io/helm-charts
  version: 1.0.0
digest: sha256:665606560a0295cdc4363db765cdb373e64bf55df30ac984591cfc84b951faf4
generated: "2022-10-04T14:57:20.444990861-03:00"
