dependencies:
- name: lib-default
  repository: https://ptonini.github.io/helm-charts
  version: 1.7.3
- name: lib-kong
  repository: https://ptonini.github.io/helm-charts
  version: 1.1.0
digest: sha256:837b29f023658a2640399c8230f033bd71442ced3438f8a55d84ecb5106f3a88
generated: "2022-10-21T13:34:43.956488934-03:00"
